
Microsoft Visual Studio Solution File, Format Version 12.00
# Visual Studio Version 17
VisualStudioVersion = 17.5.33530.505
MinimumVisualStudioVersion = 10.0.40219.1
Project("{9A19103F-16F7-4668-BE54-9A1E7A4F7556}") = "LibFreeVPN", "LibFreeVPN\LibFreeVPN.csproj", "{3889974B-B65A-4DF4-801F-9EF0FBBE872D}"
EndProject
Project("{FAE04EC0-301F-11D3-BF4B-00C04F79EFBC}") = "FreeVPNC", "FreeVPNC\FreeVPNC.csproj", "{CE097991-0F74-48F0-AD5A-C2ABC050E58E}"
EndProject
Global
	GlobalSection(SolutionConfigurationPlatforms) = preSolution
		Debug|Any CPU = Debug|Any CPU
		Release|Any CPU = Release|Any CPU
	EndGlobalSection
	GlobalSection(ProjectConfigurationPlatforms) = postSolution
		{3889974B-B65A-4DF4-801F-9EF0FBBE872D}.Debug|Any CPU.ActiveCfg = Debug|Any CPU
		{3889974B-B65A-4DF4-801F-9EF0FBBE872D}.Debug|Any CPU.Build.0 = Debug|Any CPU
		{3889974B-B65A-4DF4-801F-9EF0FBBE872D}.Release|Any CPU.ActiveCfg = Release|Any CPU
		{3889974B-B65A-4DF4-801F-9EF0FBBE872D}.Release|Any CPU.Build.0 = Release|Any CPU
		{CE097991-0F74-48F0-AD5A-C2ABC050E58E}.Debug|Any CPU.ActiveCfg = Debug|Any CPU
		{CE097991-0F74-48F0-AD5A-C2ABC050E58E}.Debug|Any CPU.Build.0 = Debug|Any CPU
		{CE097991-0F74-48F0-AD5A-C2ABC050E58E}.Release|Any CPU.ActiveCfg = Release|Any CPU
		{CE097991-0F74-48F0-AD5A-C2ABC050E58E}.Release|Any CPU.Build.0 = Release|Any CPU
	EndGlobalSection
	GlobalSection(SolutionProperties) = preSolution
		HideSolutionNode = FALSE
	EndGlobalSection
	GlobalSection(ExtensibilityGlobals) = postSolution
		SolutionGuid = {8DF347E2-9379-45A9-B2BE-04F3D820282E}
	EndGlobalSection
EndGlobal
